github.com/itemsapi/itemsjs v1.0.30 h1:zSfzyuf9vuSUsBQCahZQccLJMQWQxTgTpCHiktcAu4g=
github.com/itemsapi/itemsjs v1.0.30/go.mod h1:n0bSxNsQ5NGV8tQVFHW5rh5m0Wi6H2iCWWbekGw87hs=
github.com/theNewDynamic/hugo-component-tnd-blocks v0.0.0-20200618163712-a1fce85c0c7b h1:KTmxxuhuWevdfoN4rQz8Dq/ZGivhCcky1jFYoqT9xtI=
github.com/theNewDynamic/hugo-component-tnd-blocks v0.0.0-20200618163712-a1fce85c0c7b/go.mod h1:VnztlqJpuK/eTa1KFBvyNCg3OgBGIwCxfccBMLJY3LM=
github.com/theNewDynamic/hugo-component-tnd-func v0.0.0-20200618164051-1db2b8f979ad h1:fV8KEadmnee7VQs9DVRAWnpTGjSE5mTO2Etg7BEwtq4=
github.com/theNewDynamic/hugo-component-tnd-func v0.0.0-20200618164051-1db2b8f979ad/go.mod h1:5B6aZlBcTImDoqa1jfbrRIuAX/VF2P4IWv9j7iBlGzE=
github.com/theNewDynamic/hugo-module-tnd-books v0.0.0-20210316195248-229821ef3a79/go.mod h1:TdaxDaT3NKAmACVDPufOGCYivfO8Ty8d0ThXPPEvlYk=
github.com/theNewDynamic/hugo-module-tnd-books v0.0.0-20210317193634-45b2b6bf5fcb h1:kUDK216oPbQLX8AWNNTwn6qcSR0z9ZJf3ms/17FQlv8=
github.com/theNewDynamic/hugo-module-tnd-books v0.0.0-20210317193634-45b2b6bf5fcb/go.mod h1:TdaxDaT3NKAmACVDPufOGCYivfO8Ty8d0ThXPPEvlYk=
github.com/theNewDynamic/hugo-module-tnd-books v0.0.0-20210329191035-cdc985c2f14b h1:1k3GdY8hG7KNyNveNfyHrrMOSO/m7FxklqeXo7Uu4cQ=
github.com/theNewDynamic/hugo-module-tnd-books v0.0.0-20210329191035-cdc985c2f14b/go.mod h1:TdaxDaT3NKAmACVDPufOGCYivfO8Ty8d0ThXPPEvlYk=
github.com/theNewDynamic/hugo-module-tnd-books v0.0.0-20210427174837-4e7bde759d0b h1:o+7jw2xbqGUWGIHBkT/7G3+fYCI8bZI21mPoTXcZlsI=
github.com/theNewDynamic/hugo-module-tnd-books v0.0.0-20210427174837-4e7bde759d0b/go.mod h1:TdaxDaT3NKAmACVDPufOGCYivfO8Ty8d0ThXPPEvlYk=
github.com/theNewDynamic/hugo-module-tnd-books v0.0.0-20210427175135-11d0212c893e h1:LxBRtLEyPOaNu05ToHJFZKqNuJipgsfGwT+JLQi6lhg=
github.com/theNewDynamic/hugo-module-tnd-books v0.0.0-20210427175135-11d0212c893e/go.mod h1:TdaxDaT3NKAmACVDPufOGCYivfO8Ty8d0ThXPPEvlYk=
github.com/theNewDynamic/hugo-module-tnd-books v0.0.0-20210513163346-3529f63e064f h1:Ew5swENdvxF5Rs1s64UrVDEgPdWYfQR8sIAzlwnTOmI=
github.com/theNewDynamic/hugo-module-tnd-books v0.0.0-20210513163346-3529f63e064f/go.mod h1:TdaxDaT3NKAmACVDPufOGCYivfO8Ty8d0ThXPPEvlYk=
github.com/theNewDynamic/hugo-module-tnd-forms v0.0.0-20210215134930-f4988c330b3b h1:9c6rJy1OcyMWSztcuvqPe8F5FLLjnWVoIqOWnyUnp9c=
github.com/theNewDynamic/hugo-module-tnd-forms v0.0.0-20210215134930-f4988c330b3b/go.mod h1:j9sQrPJ9va1OJYgokFkc15g/Y8BeeWzW26nJqtI8puQ=
github.com/theNewDynamic/hugo-module-tnd-func v0.0.0-20210316194241-a6d99cfae5a6 h1:ml2d8bfTjJP9+XkNUwuayb6b461nmJOOcBIiE7/+RRU=
github.com/theNewDynamic/hugo-module-tnd-func v0.0.0-20210316194241-a6d99cfae5a6/go.mod h1:Fdh6YRjGcYtxRneIRINEtlRbjPv7B8rqVRo6Ug+ynwA=
github.com/theNewDynamic/hugo-module-tnd-headers v0.1.4 h1:ZmHKrcGc62SMZkXERQL4cKJN+mI4onOZkEuhoFHPW5I=
github.com/theNewDynamic/hugo-module-tnd-headers v0.1.4/go.mod h1:L1vGtRuZCVVcfFHnLokvtQ9hlsfN/jiUem8O17VYeZo=
github.com/theNewDynamic/hugo-module-tnd-icons v0.1.4 h1:xz8NrAJpjvdfygjpa/HZvG+RL7Jox5nXaUizOLz+mxg=
github.com/theNewDynamic/hugo-module-tnd-icons v0.1.4/go.mod h1:5P8x9n4dAq+JChj5o0nUsF5G3ucNQglFoeAn5c1Me9A=
github.com/theNewDynamic/hugo-module-tnd-menus v0.0.0-20210322205111-03cfde5da487 h1:TgqRk9N54Jq+6hYvCt/FJKQ3CtxdnlMyYbcyT86ji3o=
github.com/theNewDynamic/hugo-module-tnd-menus v0.0.0-20210322205111-03cfde5da487/go.mod h1:JS9FfAjzL8RbYx5wfQwqn+BqHpODA/aU8crYZRcAMI4=
github.com/theNewDynamic/hugo-module-tnd-netlifycms v0.1.71 h1:QgCwZ2pOZjyI6HxzuGZzyT/Ebh8ayq2a9NV7nBICNew=
github.com/theNewDynamic/hugo-module-tnd-netlifycms v0.1.71/go.mod h1:nq9tIR0Xpx2W2mSQHfJya2OvAfgYOMveqrllijA27vo=
github.com/theNewDynamic/hugo-module-tnd-redirects v1.2.4 h1:UhT2+qGgY0OFqjAd5K71aD/bBN1rNA2iuvRYVK01Z2w=
github.com/theNewDynamic/hugo-module-tnd-redirects v1.2.4/go.mod h1:UG+i6GOMCwA+ZbpQ9DXX8ImoW4IEY0tKfJ0/EiUZLLg=
github.com/theNewDynamic/hugo-module-tnd-search v0.1.1 h1:PZD1DBdYu7oV0QhYrDMmW7hPB1W5VHzv3XbF8651xE4=
github.com/theNewDynamic/hugo-module-tnd-search v0.1.1/go.mod h1:ALY3j5/mYy5M/cXzQrbOVpAP4CiSO4L4AHc6rORONkk=
github.com/theNewDynamic/hugo-module-tnd-seo v0.1.7 h1:Z+ASiYGUzngOCA6b9fNn7hqoGIFIPSaVlQbUzB+A7n4=
github.com/theNewDynamic/hugo-module-tnd-seo v0.1.7/go.mod h1:VY3Qvzif9T0Z0rjR85ufUQE1wrS/M5VZC9Dx1V8Vo8Y=
github.com/theNewDynamic/hugo-module-tnd-seo v0.1.8 h1:8b4nTj2Lxyds/qjgGUov9KbFGPsHrTFItiWA3aBcDVk=
github.com/theNewDynamic/hugo-module-tnd-seo v0.1.8/go.mod h1:VY3Qvzif9T0Z0rjR85ufUQE1wrS/M5VZC9Dx1V8Vo8Y=
github.com/theNewDynamic/hugo-module-tnd-socials v0.1.5 h1:5fQNPKsKZlA3sGOsihVhOretItUMZs1JXmLHO7CzWQ8=
github.com/theNewDynamic/hugo-module-tnd-socials v0.1.5/go.mod h1:7WIDUEYoiQVRZVPYPXpTLhSh+J25fPYJuCGNsYby3DM=
github.com/theNewDynamic/hugo-module-tnd-styles v0.7.0 h1:IzLzipLkmeXAc8NukjMoU/13JrZ4vCPz4nnJKPuMj0E=
github.com/theNewDynamic/hugo-module-tnd-styles v0.7.0/go.mod h1:Ih6Fi3sn/qasVNDN3wXpO5NDH16G1o7QeY/EoKfxGcI=
github.com/theNewDynamic/hugo-module-tnd-styles v0.7.1 h1:clZmtBsZ6G0SqLnfRoZSO1GEauRSMB6YCXHdGJo2DKo=
github.com/theNewDynamic/hugo-module-tnd-styles v0.7.1/go.mod h1:Ih6Fi3sn/qasVNDN3wXpO5NDH16G1o7QeY/EoKfxGcI=
github.com/theNewDynamic/hugo-module-tnd-styles v0.7.4 h1:W78sNF3D+vgXbyv0zkaL/04nckcmx7fchDUu1Gih6+M=
github.com/theNewDynamic/hugo-module-tnd-styles v0.7.4/go.mod h1:Ih6Fi3sn/qasVNDN3wXpO5NDH16G1o7QeY/EoKfxGcI=
github.com/theNewDynamic/hugo-module-tnd-tags v0.0.0-20201216162006-4a63841356ad h1:i1gIGdHpTX938ekLeI5DPVt4eporyBwMBIZtgv7dAsw=
github.com/theNewDynamic/hugo-module-tnd-tags v0.0.0-20201216162006-4a63841356ad/go.mod h1:fuXjv9Nbt2hi6oaOVAqhPRrS4hL9uYcwroo6V/Mw7Uk=
