github.com/theNewDynamic/huge v0.1.7 h1:/7uBVrkzH5p7hp6UrQw4l70UZwCvV4qFMAhtbP0C/xk=
github.com/theNewDynamic/huge v0.1.7/go.mod h1:wZCHbuGglX7Iwa2xbJ/FcDIUzUsMGW6CyLboOp5iKR8=
github.com/theNewDynamic/hugo-component-tnd-blocks v0.0.0-20200618163712-a1fce85c0c7b h1:KTmxxuhuWevdfoN4rQz8Dq/ZGivhCcky1jFYoqT9xtI=
github.com/theNewDynamic/hugo-component-tnd-blocks v0.0.0-20200618163712-a1fce85c0c7b/go.mod h1:VnztlqJpuK/eTa1KFBvyNCg3OgBGIwCxfccBMLJY3LM=
github.com/theNewDynamic/hugo-module-tnd-books v0.0.0-20230110150227-64528f8962e0 h1:1wZraWB8AxbFXfDF+PdFFnCGCxiL5wjtbmQRow7CKzw=
github.com/theNewDynamic/hugo-module-tnd-books v0.0.0-20230110150227-64528f8962e0/go.mod h1:TdaxDaT3NKAmACVDPufOGCYivfO8Ty8d0ThXPPEvlYk=
github.com/theNewDynamic/hugo-module-tnd-func v0.0.0-20210316194241-a6d99cfae5a6 h1:ml2d8bfTjJP9+XkNUwuayb6b461nmJOOcBIiE7/+RRU=
github.com/theNewDynamic/hugo-module-tnd-func v0.0.0-20210316194241-a6d99cfae5a6/go.mod h1:Fdh6YRjGcYtxRneIRINEtlRbjPv7B8rqVRo6Ug+ynwA=
github.com/theNewDynamic/hugo-module-tnd-headers v0.1.4 h1:ZmHKrcGc62SMZkXERQL4cKJN+mI4onOZkEuhoFHPW5I=
github.com/theNewDynamic/hugo-module-tnd-headers v0.1.4/go.mod h1:L1vGtRuZCVVcfFHnLokvtQ9hlsfN/jiUem8O17VYeZo=
github.com/theNewDynamic/hugo-module-tnd-icons v0.1.7 h1:1zV9krMjEOnEUB1iPpHnZ/Rk+FBPd79cWUdd/0abJrs=
github.com/theNewDynamic/hugo-module-tnd-icons v0.1.7/go.mod h1:5P8x9n4dAq+JChj5o0nUsF5G3ucNQglFoeAn5c1Me9A=
github.com/theNewDynamic/hugo-module-tnd-imgix v0.2.2 h1:QyvV5FgRFNX6ZbMkB9uE2b5lnoCzVWlWSfM+ic1fYGc=
github.com/theNewDynamic/hugo-module-tnd-imgix v0.2.2/go.mod h1:6P3SwYL7H/KccxwrB7BDl+wJW2qzaLTnVDf9m+Uj/Uo=
github.com/theNewDynamic/hugo-module-tnd-media v0.0.0-20221004162249-36994f9ef25b h1:EUDjD/Ve3ldUi+aXFvDhaSLUkgmTTDALm+Qoc2G+WqM=
github.com/theNewDynamic/hugo-module-tnd-media v0.0.0-20221004162249-36994f9ef25b/go.mod h1:5kGUg8NNAfXvsiXl2y910hJEjMkfQbmO1m1vXcehZiA=
github.com/theNewDynamic/hugo-module-tnd-menus v0.0.0-20210322205111-03cfde5da487 h1:TgqRk9N54Jq+6hYvCt/FJKQ3CtxdnlMyYbcyT86ji3o=
github.com/theNewDynamic/hugo-module-tnd-menus v0.0.0-20210322205111-03cfde5da487/go.mod h1:JS9FfAjzL8RbYx5wfQwqn+BqHpODA/aU8crYZRcAMI4=
github.com/theNewDynamic/hugo-module-tnd-redirects v1.2.4 h1:UhT2+qGgY0OFqjAd5K71aD/bBN1rNA2iuvRYVK01Z2w=
github.com/theNewDynamic/hugo-module-tnd-redirects v1.2.4/go.mod h1:UG+i6GOMCwA+ZbpQ9DXX8ImoW4IEY0tKfJ0/EiUZLLg=
github.com/theNewDynamic/hugo-module-tnd-seo v0.1.10 h1:wmYG3ybNYFOjtlxuAigeEDE6enxgxbjUZLvauRfhMiI=
github.com/theNewDynamic/hugo-module-tnd-seo v0.1.10/go.mod h1:VY3Qvzif9T0Z0rjR85ufUQE1wrS/M5VZC9Dx1V8Vo8Y=
github.com/theNewDynamic/hugo-module-tnd-socials v0.1.5 h1:5fQNPKsKZlA3sGOsihVhOretItUMZs1JXmLHO7CzWQ8=
github.com/theNewDynamic/hugo-module-tnd-socials v0.1.5/go.mod h1:7WIDUEYoiQVRZVPYPXpTLhSh+J25fPYJuCGNsYby3DM=
github.com/theNewDynamic/hugo-module-tnd-tags v0.0.0-20201216162006-4a63841356ad h1:i1gIGdHpTX938ekLeI5DPVt4eporyBwMBIZtgv7dAsw=
github.com/theNewDynamic/hugo-module-tnd-tags v0.0.0-20201216162006-4a63841356ad/go.mod h1:fuXjv9Nbt2hi6oaOVAqhPRrS4hL9uYcwroo6V/Mw7Uk=
